// !$*UTF8*$!
{
	archiveVersion = 1;
	classes = {
	};
	objectVersion = 46;
	objects = {

/* Begin PBXBuildFile section */
		3C760D451AAFF2FA00EA771D /* InterfaceController.m in Sources */ = {isa = PBXBuildFile; fileRef = 3C760D441AAFF2FA00EA771D /* InterfaceController.m */; };
		3C760D481AAFF2FA00EA771D /* NotificationController.m in Sources */ = {isa = PBXBuildFile; fileRef = 3C760D471AAFF2FA00EA771D /* NotificationController.m */; };
		3C760D4B1AAFF2FA00EA771D /* GlanceController.m in Sources */ = {isa = PBXBuildFile; fileRef = 3C760D4A1AAFF2FA00EA771D /* GlanceController.m */; };
		3C760D4D1AAFF2FA00EA771D /* Images.xcassets in Resources */ = {isa = PBXBuildFile; fileRef = 3C760D4C1AAFF2FA00EA771D /* Images.xcassets */; };
		3C760D511AAFF2FA00EA771D /* dropit WatchKit App.app in Resources */ = {isa = PBXBuildFile; fileRef = 3C760D501AAFF2FA00EA771D /* dropit WatchKit App.app */; };
		3C760D591AAFF2FA00EA771D /* Interface.storyboard in Resources */ = {isa = PBXBuildFile; fileRef = 3C760D571AAFF2FA00EA771D /* Interface.storyboard */; };
		3C760D5B1AAFF2FA00EA771D /* Images.xcassets in Resources */ = {isa = PBXBuildFile; fileRef = 3C760D5A1AAFF2FA00EA771D /* Images.xcassets */; };
		3C760D5E1AAFF2FA00EA771D /* dropit WatchKit Extension.appex in Embed App Extensions */ = {isa = PBXBuildFile; fileRef = 3C760D3E1AAFF2FA00EA771D /* dropit WatchKit Extension.appex */; settings = {ATTRIBUTES = (RemoveHeadersOnCopy, ); }; };
		3CBD21071AA8E62C005CDF52 /* main.m in Sources */ = {isa = PBXBuildFile; fileRef = 3CBD21061AA8E62C005CDF52 /* main.m */; };
		3CBD210A1AA8E62C005CDF52 /* AppDelegate.m in Sources */ = {isa = PBXBuildFile; fileRef = 3CBD21091AA8E62C005CDF52 /* AppDelegate.m */; };
		3CBD210D1AA8E62C005CDF52 /* ViewController.m in Sources */ = {isa = PBXBuildFile; fileRef = 3CBD210C1AA8E62C005CDF52 /* ViewController.m */; };
		3CBD21101AA8E62C005CDF52 /* Main.storyboard in Resources */ = {isa = PBXBuildFile; fileRef = 3CBD210E1AA8E62C005CDF52 /* Main.storyboard */; };
		3CBD21121AA8E62C005CDF52 /* Images.xcassets in Resources */ = {isa = PBXBuildFile; fileRef = 3CBD21111AA8E62C005CDF52 /* Images.xcassets */; };
		3CBD21151AA8E62C005CDF52 /* LaunchScreen.xib in Resources */ = {isa = PBXBuildFile; fileRef = 3CBD21131AA8E62C005CDF52 /* LaunchScreen.xib */; };
		3CBD21211AA8E62C005CDF52 /* dropitTests.m in Sources */ = {isa = PBXBuildFile; fileRef = 3CBD21201AA8E62C005CDF52 /* dropitTests.m */; };
		3CBD212C1AA8EDDA005CDF52 /* DropitBehavior.m in Sources */ = {isa = PBXBuildFile; fileRef = 3CBD212B1AA8EDDA005CDF52 /* DropitBehavior.m */; };
/* End PBXBuildFile section */

/* Begin PBXContainerItemProxy section */
		3C760D521AAFF2FA00EA771D /* PBXContainerItemProxy */ = {
			isa = PBXContainerItemProxy;
			containerPortal = 3CBD20F91AA8E62C005CDF52 /* Project object */;
			proxyType = 1;
			remoteGlobalIDString = 3C760D4F1AAFF2FA00EA771D;
			remoteInfo = "dropit WatchKit App";
		};
		3C760D5C1AAFF2FA00EA771D /* PBXContainerItemProxy */ = {
			isa = PBXContainerItemProxy;
			containerPortal = 3CBD20F91AA8E62C005CDF52 /* Project object */;
			proxyType = 1;
			remoteGlobalIDString = 3C760D3D1AAFF2FA00EA771D;
			remoteInfo = "dropit WatchKit Extension";
		};
		3CBD211B1AA8E62C005CDF52 /* PBXContainerItemProxy */ = {
			isa = PBXContainerItemProxy;
			containerPortal = 3CBD20F91AA8E62C005CDF52 /* Project object */;
			proxyType = 1;
			remoteGlobalIDString = 3CBD21001AA8E62C005CDF52;
			remoteInfo = dropit;
		};
/* End PBXContainerItemProxy section */

/* Begin PBXCopyFilesBuildPhase section */
		3C760D651AAFF2FA00EA771D /* Embed App Extensions */ = {
			isa = PBXCopyFilesBuildPhase;
			buildActionMask = 2147483647;
			dstPath = "";
			dstSubfolderSpec = 13;
			files = (
				3C760D5E1AAFF2FA00EA771D /* dropit WatchKit Extension.appex in Embed App Extensions */,
			);
			name = "Embed App Extensions";
			runOnlyForDeploymentPostprocessing = 0;
		};
/* End PBXCopyFilesBuildPhase section */

/* Begin PBXFileReference section */
		3C760D3E1AAFF2FA00EA771D /* dropit WatchKit Extension.appex */ = {isa = PBXFileReference; explicitFileType = "wrapper.app-extension"; includeInIndex = 0; path = "dropit WatchKit Extension.appex"; sourceTree = BUILT_PRODUCTS_DIR; };
		3C760D411AAFF2FA00EA771D /* Info.plist */ = {isa = PBXFileReference; lastKnownFileType = text.plist.xml; path = Info.plist; sourceTree = "<group>"; };
		3C760D421AAFF2FA00EA771D /* PushNotificationPayload.apns */ = {isa = PBXFileReference; lastKnownFileType = text; path = PushNotificationPayload.apns; sourceTree = "<group>"; };
		3C760D431AAFF2FA00EA771D /* InterfaceController.h */ = {isa = PBXFileReference; lastKnownFileType = sourcecode.c.h; path = InterfaceController.h; sourceTree = "<group>"; };
		3C760D441AAFF2FA00EA771D /* InterfaceController.m */ = {isa = PBXFileReference; lastKnownFileType = sourcecode.c.objc; path = InterfaceController.m; sourceTree = "<group>"; };
		3C760D461AAFF2FA00EA771D /* NotificationController.h */ = {isa = PBXFileReference; lastKnownFileType = sourcecode.c.h; path = NotificationController.h; sourceTree = "<group>"; };
		3C760D471AAFF2FA00EA771D /* NotificationController.m */ = {isa = PBXFileReference; lastKnownFileType = sourcecode.c.objc; path = NotificationController.m; sourceTree = "<group>"; };
		3C760D491AAFF2FA00EA771D /* GlanceController.h */ = {isa = PBXFileReference; lastKnownFileType = sourcecode.c.h; path = GlanceController.h; sourceTree = "<group>"; };
		3C760D4A1AAFF2FA00EA771D /* GlanceController.m */ = {isa = PBXFileReference; lastKnownFileType = sourcecode.c.objc; path = GlanceController.m; sourceTree = "<group>"; };
		3C760D4C1AAFF2FA00EA771D /* Images.xcassets */ = {isa = PBXFileReference; lastKnownFileType = folder.assetcatalog; path = Images.xcassets; sourceTree = "<group>"; };
		3C760D501AAFF2FA00EA771D /* dropit WatchKit App.app */ = {isa = PBXFileReference; explicitFileType = wrapper.application; includeInIndex = 0; path = "dropit WatchKit App.app"; sourceTree = BUILT_PRODUCTS_DIR; };
		3C760D561AAFF2FA00EA771D /* Info.plist */ = {isa = PBXFileReference; lastKnownFileType = text.plist.xml; path = Info.plist; sourceTree = "<group>"; };
		3C760D581AAFF2FA00EA771D /* Base */ = {isa = PBXFileReference; lastKnownFileType = file.storyboard; name = Base; path = Base.lproj/Interface.storyboard; sourceTree = "<group>"; };
		3C760D5A1AAFF2FA00EA771D /* Images.xcassets */ = {isa = PBXFileReference; lastKnownFileType = folder.assetcatalog; path = Images.xcassets; sourceTree = "<group>"; };
		3CBD21011AA8E62C005CDF52 /* dropit.app */ = {isa = PBXFileReference; explicitFileType = wrapper.application; includeInIndex = 0; path = dropit.app; sourceTree = BUILT_PRODUCTS_DIR; };
		3CBD21051AA8E62C005CDF52 /* Info.plist */ = {isa = PBXFileReference; lastKnownFileType = text.plist.xml; path = Info.plist; sourceTree = "<group>"; };
		3CBD21061AA8E62C005CDF52 /* main.m */ = {isa = PBXFileReference; lastKnownFileType = sourcecode.c.objc; path = main.m; sourceTree = "<group>"; };
		3CBD21081AA8E62C005CDF52 /* AppDelegate.h */ = {isa = PBXFileReference; lastKnownFileType = sourcecode.c.h; path = AppDelegate.h; sourceTree = "<group>"; };
		3CBD21091AA8E62C005CDF52 /* AppDelegate.m */ = {isa = PBXFileReference; lastKnownFileType = sourcecode.c.objc; path = AppDelegate.m; sourceTree = "<group>"; };
		3CBD210B1AA8E62C005CDF52 /* ViewController.h */ = {isa = PBXFileReference; lastKnownFileType = sourcecode.c.h; path = ViewController.h; sourceTree = "<group>"; };
		3CBD210C1AA8E62C005CDF52 /* ViewController.m */ = {isa = PBXFileReference; lastKnownFileType = sourcecode.c.objc; path = ViewController.m; sourceTree = "<group>"; };
		3CBD210F1AA8E62C005CDF52 /* Base */ = {isa = PBXFileReference; lastKnownFileType = file.storyboard; name = Base; path = Base.lproj/Main.storyboard; sourceTree = "<group>"; };
		3CBD21111AA8E62C005CDF52 /* Images.xcassets */ = {isa = PBXFileReference; lastKnownFileType = folder.assetcatalog; path = Images.xcassets; sourceTree = "<group>"; };
		3CBD21141AA8E62C005CDF52 /* Base */ = {isa = PBXFileReference; lastKnownFileType = file.xib; name = Base; path = Base.lproj/LaunchScreen.xib; sourceTree = "<group>"; };
		3CBD211A1AA8E62C005CDF52 /* dropitTests.xctest */ = {isa = PBXFileReference; explicitFileType = wrapper.cfbundle; includeInIndex = 0; path = dropitTests.xctest; sourceTree = BUILT_PRODUCTS_DIR; };
		3CBD211F1AA8E62C005CDF52 /* Info.plist */ = {isa = PBXFileReference; lastKnownFileType = text.plist.xml; path = Info.plist; sourceTree = "<group>"; };
		3CBD21201AA8E62C005CDF52 /* dropitTests.m */ = {isa = PBXFileReference; lastKnownFileType = sourcecode.c.objc; path = dropitTests.m; sourceTree = "<group>"; };
		3CBD212A1AA8EDDA005CDF52 /* DropitBehavior.h */ = {isa = PBXFileReference; fileEncoding = 4; lastKnownFileType = sourcecode.c.h; path = DropitBehavior.h; sourceTree = "<group>"; };
		3CBD212B1AA8EDDA005CDF52 /* DropitBehavior.m */ = {isa = PBXFileReference; fileEncoding = 4; lastKnownFileType = sourcecode.c.objc; path = DropitBehavior.m; sourceTree = "<group>"; };
/* End PBXFileReference section */

/* Begin PBXFrameworksBuildPhase section */
		3C760D3B1AAFF2FA00EA771D /* Frameworks */ = {
			isa = PBXFrameworksBuildPhase;
			buildActionMask = 2147483647;
			files = (
			);
			runOnlyForDeploymentPostprocessing = 0;
		};
		3CBD20FE1AA8E62C005CDF52 /* Frameworks */ = {
			isa = PBXFrameworksBuildPhase;
			buildActionMask = 2147483647;
			files = (
			);
			runOnlyForDeploymentPostprocessing = 0;
		};
		3CBD21171AA8E62C005CDF52 /* Frameworks */ = {
			isa = PBXFrameworksBuildPhase;
			buildActionMask = 2147483647;
			files = (
			);
			runOnlyForDeploymentPostprocessing = 0;
		};
/* End PBXFrameworksBuildPhase section */

/* Begin PBXGroup section */
		3C760D3F1AAFF2FA00EA771D /* dropit WatchKit Extension */ = {
			isa = PBXGroup;
			children = (
				3C760D431AAFF2FA00EA771D /* InterfaceController.h */,
				3C760D441AAFF2FA00EA771D /* InterfaceController.m */,
				3C760D461AAFF2FA00EA771D /* NotificationController.h */,
				3C760D471AAFF2FA00EA771D /* NotificationController.m */,
				3C760D491AAFF2FA00EA771D /* GlanceController.h */,
				3C760D4A1AAFF2FA00EA771D /* GlanceController.m */,
				3C760D4C1AAFF2FA00EA771D /* Images.xcassets */,
				3C760D401AAFF2FA00EA771D /* Supporting Files */,
			);
			path = "dropit WatchKit Extension";
			sourceTree = "<group>";
		};
		3C760D401AAFF2FA00EA771D /* Supporting Files */ = {
			isa = PBXGroup;
			children = (
				3C760D411AAFF2FA00EA771D /* Info.plist */,
				3C760D421AAFF2FA00EA771D /* PushNotificationPayload.apns */,
			);
			name = "Supporting Files";
			sourceTree = "<group>";
		};
		3C760D541AAFF2FA00EA771D /* dropit WatchKit App */ = {
			isa = PBXGroup;
			children = (
				3C760D571AAFF2FA00EA771D /* Interface.storyboard */,
				3C760D5A1AAFF2FA00EA771D /* Images.xcassets */,
				3C760D551AAFF2FA00EA771D /* Supporting Files */,
			);
			path = "dropit WatchKit App";
			sourceTree = "<group>";
		};
		3C760D551AAFF2FA00EA771D /* Supporting Files */ = {
			isa = PBXGroup;
			children = (
				3C760D561AAFF2FA00EA771D /* Info.plist */,
			);
			name = "Supporting Files";
			sourceTree = "<group>";
		};
		3CBD20F81AA8E62C005CDF52 = {
			isa = PBXGroup;
			children = (
				3CBD21031AA8E62C005CDF52 /* dropit */,
				3CBD211D1AA8E62C005CDF52 /* dropitTests */,
				3C760D3F1AAFF2FA00EA771D /* dropit WatchKit Extension */,
				3C760D541AAFF2FA00EA771D /* dropit WatchKit App */,
				3CBD21021AA8E62C005CDF52 /* Products */,
			);
			sourceTree = "<group>";
		};
		3CBD21021AA8E62C005CDF52 /* Products */ = {
			isa = PBXGroup;
			children = (
				3CBD21011AA8E62C005CDF52 /* dropit.app */,
				3CBD211A1AA8E62C005CDF52 /* dropitTests.xctest */,
				3C760D3E1AAFF2FA00EA771D /* dropit WatchKit Extension.appex */,
				3C760D501AAFF2FA00EA771D /* dropit WatchKit App.app */,
			);
			name = Products;
			sourceTree = "<group>";
		};
		3CBD21031AA8E62C005CDF52 /* dropit */ = {
			isa = PBXGroup;
			children = (
				3CBD212A1AA8EDDA005CDF52 /* DropitBehavior.h */,
				3CBD212B1AA8EDDA005CDF52 /* DropitBehavior.m */,
				3CBD210B1AA8E62C005CDF52 /* ViewController.h */,
				3CBD210C1AA8E62C005CDF52 /* ViewController.m */,
				3CBD210E1AA8E62C005CDF52 /* Main.storyboard */,
				3CBD21111AA8E62C005CDF52 /* Images.xcassets */,
				3CBD21131AA8E62C005CDF52 /* LaunchScreen.xib */,
				3CBD21041AA8E62C005CDF52 /* Supporting Files */,
			);
			path = dropit;
			sourceTree = "<group>";
		};
		3CBD21041AA8E62C005CDF52 /* Supporting Files */ = {
			isa = PBXGroup;
			children = (
				3CBD21081AA8E62C005CDF52 /* AppDelegate.h */,
				3CBD21091AA8E62C005CDF52 /* AppDelegate.m */,
				3CBD21051AA8E62C005CDF52 /* Info.plist */,
				3CBD21061AA8E62C005CDF52 /* main.m */,
			);
			name = "Supporting Files";
			sourceTree = "<group>";
		};
		3CBD211D1AA8E62C005CDF52 /* dropitTests */ = {
			isa = PBXGroup;
			children = (
				3CBD21201AA8E62C005CDF52 /* dropitTests.m */,
				3CBD211E1AA8E62C005CDF52 /* Supporting Files */,
			);
			path = dropitTests;
			sourceTree = "<group>";
		};
		3CBD211E1AA8E62C005CDF52 /* Supporting Files */ = {
			isa = PBXGroup;
			children = (
				3CBD211F1AA8E62C005CDF52 /* Info.plist */,
			);
			name = "Supporting Files";
			sourceTree = "<group>";
		};
/* End PBXGroup section */

/* Begin PBXNativeTarget section */
		3C760D3D1AAFF2FA00EA771D /* dropit WatchKit Extension */ = {
			isa = PBXNativeTarget;
			buildConfigurationList = 3C760D641AAFF2FA00EA771D /* Build configuration list for PBXNativeTarget "dropit WatchKit Extension" */;
			buildPhases = (
				3C760D3A1AAFF2FA00EA771D /* Sources */,
				3C760D3B1AAFF2FA00EA771D /* Frameworks */,
				3C760D3C1AAFF2FA00EA771D /* Resources */,
			);
			buildRules = (
			);
			dependencies = (
				3C760D531AAFF2FA00EA771D /* PBXTargetDependency */,
			);
			name = "dropit WatchKit Extension";
			productName = "dropit WatchKit Extension";
			productReference = 3C760D3E1AAFF2FA00EA771D /* dropit WatchKit Extension.appex */;
			productType = "com.apple.product-type.watchkit-extension";
		};
		3C760D4F1AAFF2FA00EA771D /* dropit WatchKit App */ = {
			isa = PBXNativeTarget;
			buildConfigurationList = 3C760D631AAFF2FA00EA771D /* Build configuration list for PBXNativeTarget "dropit WatchKit App" */;
			buildPhases = (
				3C760D4E1AAFF2FA00EA771D /* Resources */,
			);
			buildRules = (
			);
			dependencies = (
			);
			name = "dropit WatchKit App";
			productName = "dropit WatchKit App";
			productReference = 3C760D501AAFF2FA00EA771D /* dropit WatchKit App.app */;
			productType = "com.apple.product-type.application.watchapp";
		};
		3CBD21001AA8E62C005CDF52 /* dropit */ = {
			isa = PBXNativeTarget;
			buildConfigurationList = 3CBD21241AA8E62C005CDF52 /* Build configuration list for PBXNativeTarget "dropit" */;
			buildPhases = (
				3CBD20FD1AA8E62C005CDF52 /* Sources */,
				3CBD20FE1AA8E62C005CDF52 /* Frameworks */,
				3CBD20FF1AA8E62C005CDF52 /* Resources */,
				3C760D651AAFF2FA00EA771D /* Embed App Extensions */,
			);
			buildRules = (
			);
			dependencies = (
				3C760D5D1AAFF2FA00EA771D /* PBXTargetDependency */,
			);
			name = dropit;
			productName = dropit;
			productReference = 3CBD21011AA8E62C005CDF52 /* dropit.app */;
			productType = "com.apple.product-type.application";
		};
		3CBD21191AA8E62C005CDF52 /* dropitTests */ = {
			isa = PBXNativeTarget;
			buildConfigurationList = 3CBD21271AA8E62C005CDF52 /* Build configuration list for PBXNativeTarget "dropitTests" */;
			buildPhases = (
				3CBD21161AA8E62C005CDF52 /* Sources */,
				3CBD21171AA8E62C005CDF52 /* Frameworks */,
				3CBD21181AA8E62C005CDF52 /* Resources */,
			);
			buildRules = (
			);
			dependencies = (
				3CBD211C1AA8E62C005CDF52 /* PBXTargetDependency */,
			);
			name = dropitTests;
			productName = dropitTests;
			productReference = 3CBD211A1AA8E62C005CDF52 /* dropitTests.xctest */;
			productType = "com.apple.product-type.bundle.unit-test";
		};
/* End PBXNativeTarget section */

/* Begin PBXProject section */
		3CBD20F91AA8E62C005CDF52 /* Project object */ = {
			isa = PBXProject;
			attributes = {
				LastUpgradeCheck = 0610;
				ORGANIZATIONNAME = yuyutsulabs;
				TargetAttributes = {
					3C760D3D1AAFF2FA00EA771D = {
						CreatedOnToolsVersion = 6.2;
					};
					3C760D4F1AAFF2FA00EA771D = {
						CreatedOnToolsVersion = 6.2;
					};
					3CBD21001AA8E62C005CDF52 = {
						CreatedOnToolsVersion = 6.1.1;
					};
					3CBD21191AA8E62C005CDF52 = {
						CreatedOnToolsVersion = 6.1.1;
						TestTargetID = 3CBD21001AA8E62C005CDF52;
					};
				};
			};
			buildConfigurationList = 3CBD20FC1AA8E62C005CDF52 /* Build configuration list for PBXProject "dropit" */;
			compatibilityVersion = "Xcode 3.2";
			developmentRegion = English;
			hasScannedForEncodings = 0;
			knownRegions = (
				en,
				Base,
			);
			mainGroup = 3CBD20F81AA8E62C005CDF52;
			productRefGroup = 3CBD21021AA8E62C005CDF52 /* Products */;
			projectDirPath = "";
			projectRoot = "";
			targets = (
				3CBD21001AA8E62C005CDF52 /* dropit */,
				3CBD21191AA8E62C005CDF52 /* dropitTests */,
				3C760D3D1AAFF2FA00EA771D /* dropit WatchKit Extension */,
				3C760D4F1AAFF2FA00EA771D /* dropit WatchKit App */,
			);
		};
/* End PBXProject section */

/* Begin PBXResourcesBuildPhase section */
		3C760D3C1AAFF2FA00EA771D /* Resources */ = {
			isa = PBXResourcesBuildPhase;
			buildActionMask = 2147483647;
			files = (
				3C760D511AAFF2FA00EA771D /* dropit WatchKit App.app in Resources */,
				3C760D4D1AAFF2FA00EA771D /* Images.xcassets in Resources */,
			);
			runOnlyForDeploymentPostprocessing = 0;
		};
		3C760D4E1AAFF2FA00EA771D /* Resources */ = {
			isa = PBXResourcesBuildPhase;
			buildActionMask = 2147483647;
			files = (
				3C760D591AAFF2FA00EA771D /* Interface.storyboard in Resources */,
				3C760D5B1AAFF2FA00EA771D /* Images.xcassets in Resources */,
			);
			runOnlyForDeploymentPostprocessing = 0;
		};
		3CBD20FF1AA8E62C005CDF52 /* Resources */ = {
			isa = PBXResourcesBuildPhase;
			buildActionMask = 2147483647;
			files = (
				3CBD21101AA8E62C005CDF52 /* Main.storyboard in Resources */,
				3CBD21151AA8E62C005CDF52 /* LaunchScreen.xib in Resources */,
				3CBD21121AA8E62C005CDF52 /* Images.xcassets in Resources */,
			);
			runOnlyForDeploymentPostprocessing = 0;
		};
		3CBD21181AA8E62C005CDF52 /* Resources */ = {
			isa = PBXResourcesBuildPhase;
			buildActionMask = 2147483647;
			files = (
			);
			runOnlyForDeploymentPostprocessing = 0;
		};
/* End PBXResourcesBuildPhase section */

/* Begin PBXSourcesBuildPhase section */
		3C760D3A1AAFF2FA00EA771D /* Sources */ = {
			isa = PBXSourcesBuildPhase;
			buildActionMask = 2147483647;
			files = (
				3C760D481AAFF2FA00EA771D /* NotificationController.m in Sources */,
				3C760D451AAFF2FA00EA771D /* InterfaceController.m in Sources */,
				3C760D4B1AAFF2FA00EA771D /* GlanceController.m in Sources */,
			);
			runOnlyForDeploymentPostprocessing = 0;
		};
		3CBD20FD1AA8E62C005CDF52 /* Sources */ = {
			isa = PBXSourcesBuildPhase;
			buildActionMask = 2147483647;
			files = (
				3CBD210D1AA8E62C005CDF52 /* ViewController.m in Sources */,
				3CBD212C1AA8EDDA005CDF52 /* DropitBehavior.m in Sources */,
				3CBD210A1AA8E62C005CDF52 /* AppDelegate.m in Sources */,
				3CBD21071AA8E62C005CDF52 /* main.m in Sources */,
			);
			runOnlyForDeploymentPostprocessing = 0;
		};
		3CBD21161AA8E62C005CDF52 /* Sources */ = {
			isa = PBXSourcesBuildPhase;
			buildActionMask = 2147483647;
			files = (
				3CBD21211AA8E62C005CDF52 /* dropitTests.m in Sources */,
			);
			runOnlyForDeploymentPostprocessing = 0;
		};
/* End PBXSourcesBuildPhase section */

/* Begin PBXTargetDependency section */
		3C760D531AAFF2FA00EA771D /* PBXTargetDependency */ = {
			isa = PBXTargetDependency;
			target = 3C760D4F1AAFF2FA00EA771D /* dropit WatchKit App */;
			targetProxy = 3C760D521AAFF2FA00EA771D /* PBXContainerItemProxy */;
		};
		3C760D5D1AAFF2FA00EA771D /* PBXTargetDependency */ = {
			isa = PBXTargetDependency;
			target = 3C760D3D1AAFF2FA00EA771D /* dropit WatchKit Extension */;
			targetProxy = 3C760D5C1AAFF2FA00EA771D /* PBXContainerItemProxy */;
		};
		3CBD211C1AA8E62C005CDF52 /* PBXTargetDependency */ = {
			isa = PBXTargetDependency;
			target = 3CBD21001AA8E62C005CDF52 /* dropit */;
			targetProxy = 3CBD211B1AA8E62C005CDF52 /* PBXContainerItemProxy */;
		};
/* End PBXTargetDependency section */

/* Begin PBXVariantGroup section */
		3C760D571AAFF2FA00EA771D /* Interface.storyboard */ = {
			isa = PBXVariantGroup;
			children = (
				3C760D581AAFF2FA00EA771D /* Base */,
			);
			name = Interface.storyboard;
			sourceTree = "<group>";
		};
		3CBD210E1AA8E62C005CDF52 /* Main.storyboard */ = {
			isa = PBXVariantGroup;
			children = (
				3CBD210F1AA8E62C005CDF52 /* Base */,
			);
			name = Main.storyboard;
			sourceTree = "<group>";
		};
		3CBD21131AA8E62C005CDF52 /* LaunchScreen.xib */ = {
			isa = PBXVariantGroup;
			children = (
				3CBD21141AA8E62C005CDF52 /* Base */,
			);
			name = LaunchScreen.xib;
			sourceTree = "<group>";
		};
/* End PBXVariantGroup section */

/* Begin XCBuildConfiguration section */
		3C760D5F1AAFF2FA00EA771D /* Debug */ = {
			isa = XCBuildConfiguration;
			buildSettings = {
				GCC_PREPROCESSOR_DEFINITIONS = (
					"DEBUG=1",
					"$(inherited)",
				);
				INFOPLIST_FILE = "dropit WatchKit Extension/Info.plist";
				IPHONEOS_DEPLOYMENT_TARGET = 8.2;
				LD_RUNPATH_SEARCH_PATHS = "$(inherited) @executable_path/Frameworks @executable_path/../../Frameworks";
				PRODUCT_NAME = "${TARGET_NAME}";
				SKIP_INSTALL = YES;
			};
			name = Debug;
		};
		3C760D601AAFF2FA00EA771D /* Release */ = {
			isa = XCBuildConfiguration;
			buildSettings = {
				COPY_PHASE_STRIP = NO;
				INFOPLIST_FILE = "dropit WatchKit Extension/Info.plist";
				IPHONEOS_DEPLOYMENT_TARGET = 8.2;
				LD_RUNPATH_SEARCH_PATHS = "$(inherited) @executable_path/Frameworks @executable_path/../../Frameworks";
				PRODUCT_NAME = "${TARGET_NAME}";
				SKIP_INSTALL = YES;
			};
			name = Release;
		};
		3C760D611AAFF2FA00EA771D /* Debug */ = {
			isa = XCBuildConfiguration;
			buildSettings = {
				ASSETCATALOG_COMPILER_APPICON_NAME = AppIcon;
				GCC_PREPROCESSOR_DEFINITIONS = (
					"DEBUG=1",
					"$(inherited)",
				);
				IBSC_MODULE = dropit_WatchKit_Extension;
				INFOPLIST_FILE = "dropit WatchKit App/Info.plist";
				IPHONEOS_DEPLOYMENT_TARGET = 8.2;
				PRODUCT_NAME = "$(TARGET_NAME)";
				SKIP_INSTALL = YES;
				TARGETED_DEVICE_FAMILY = 4;
				"TARGETED_DEVICE_FAMILY[sdk=iphonesimulator*]" = "1,4";
			};
			name = Debug;
		};
		3C760D621AAFF2FA00EA771D /* Release */ = {
			isa = XCBuildConfiguration;
			buildSettings = {
				ASSETCATALOG_COMPILER_APPICON_NAME = AppIcon;
				COPY_PHASE_STRIP = NO;
				IBSC_MODULE = dropit_WatchKit_Extension;
				INFOPLIST_FILE = "dropit WatchKit App/Info.plist";
				IPHONEOS_DEPLOYMENT_TARGET = 8.2;
				PRODUCT_NAME = "$(TARGET_NAME)";
				SKIP_INSTALL = YES;
				TARGETED_DEVICE_FAMILY = 4;
				"TARGETED_DEVICE_FAMILY[sdk=iphonesimulator*]" = "1,4";
			};
			name = Release;
		};
		3CBD21221AA8E62C005CDF52 /* Debug */ = {
			isa = XCBuildConfiguration;
			buildSettings = {
				ALWAYS_SEARCH_USER_PATHS = NO;
				CLANG_CXX_LANGUAGE_STANDARD = "gnu++0x";
				CLANG_CXX_LIBRARY = "libc++";
				CLANG_ENABLE_MODULES = YES;
				CLANG_ENABLE_OBJC_ARC = YES;
				CLANG_WARN_BOOL_CONVERSION = YES;
				CLANG_WARN_CONSTANT_CONVERSION = YES;
				CLANG_WARN_DIRECT_OBJC_ISA_USAGE = YES_ERROR;
				CLANG_WARN_EMPTY_BODY = YES;
				CLANG_WARN_ENUM_CONVERSION = YES;
				CLANG_WARN_INT_CONVERSION = YES;
				CLANG_WARN_OBJC_ROOT_CLASS = YES_ERROR;
				CLANG_WARN_UNREACHABLE_CODE = YES;
				CLANG_WARN__DUPLICATE_METHOD_MATCH = YES;
				"CODE_SIGN_IDENTITY[sdk=iphoneos*]" = "iPhone Developer";
				COPY_PHASE_STRIP = NO;
				ENABLE_STRICT_OBJC_MSGSEND = YES;
				GCC_C_LANGUAGE_STANDARD = gnu99;
				GCC_DYNAMIC_NO_PIC = NO;
				GCC_OPTIMIZATION_LEVEL = 0;
				GCC_PREPROCESSOR_DEFINITIONS = (
					"DEBUG=1",
					"$(inherited)",
				);
				GCC_SYMBOLS_PRIVATE_EXTERN = NO;
				GCC_WARN_64_TO_32_BIT_CONVERSION = YES;
				GCC_WARN_ABOUT_RETURN_TYPE = YES_ERROR;
				GCC_WARN_UNDECLARED_SELECTOR = YES;
				GCC_WARN_UNINITIALIZED_AUTOS = YES_AGGRESSIVE;
				GCC_WARN_UNUSED_FUNCTION = YES;
				GCC_WARN_UNUSED_VARIABLE = YES;
				IPHONEOS_DEPLOYMENT_TARGET = 8.1;
				MTL_ENABLE_DEBUG_INFO = YES;
				ONLY_ACTIVE_ARCH = YES;
				SDKROOT = iphoneos;
			};
			name = Debug;
		};
		3CBD21231AA8E62C005CDF52 /* Release */ = {
			isa = XCBuildConfiguration;
			buildSettings = {
				ALWAYS_SEARCH_USER_PATHS = NO;
				CLANG_CXX_LANGUAGE_STANDARD = "gnu++0x";
				CLANG_CXX_LIBRARY = "libc++";
				CLANG_ENABLE_MODULES = YES;
				CLANG_ENABLE_OBJC_ARC = YES;
				CLANG_WARN_BOOL_CONVERSION = YES;
				CLANG_WARN_CONSTANT_CONVERSION = YES;
				CLANG_WARN_DIRECT_OBJC_ISA_USAGE = YES_ERROR;
				CLANG_WARN_EMPTY_BODY = YES;
				CLANG_WARN_ENUM_CONVERSION = YES;
				CLANG_WARN_INT_CONVERSION = YES;
				CLANG_WARN_OBJC_ROOT_CLASS = YES_ERROR;
				CLANG_WARN_UNREACHABLE_CODE = YES;
				CLANG_WARN__DUPLICATE_METHOD_MATCH = YES;
				"CODE_SIGN_IDENTITY[sdk=iphoneos*]" = "iPhone Developer";
				COPY_PHASE_STRIP = YES;
				ENABLE_NS_ASSERTIONS = NO;
				ENABLE_STRICT_OBJC_MSGSEND = YES;
				GCC_C_LANGUAGE_STANDARD = gnu99;
				GCC_WARN_64_TO_32_BIT_CONVERSION = YES;
				GCC_WARN_ABOUT_RETURN_TYPE = YES_ERROR;
				GCC_WARN_UNDECLARED_SELECTOR = YES;
				GCC_WARN_UNINITIALIZED_AUTOS = YES_AGGRESSIVE;
				GCC_WARN_UNUSED_FUNCTION = YES;
				GCC_WARN_UNUSED_VARIABLE = YES;
				IPHONEOS_DEPLOYMENT_TARGET = 8.1;
				MTL_ENABLE_DEBUG_INFO = NO;
				SDKROOT = iphoneos;
				VALIDATE_PRODUCT = YES;
			};
			name = Release;
		};
		3CBD21251AA8E62C005CDF52 /* Debug */ = {
			isa = XCBuildConfiguration;
			buildSettings = {
				ASSETCATALOG_COMPILER_APPICON_NAME = AppIcon;
				INFOPLIST_FILE = dropit/Info.plist;
				LD_RUNPATH_SEARCH_PATHS = "$(inherited) @executable_path/Frameworks";
				PRODUCT_NAME = "$(TARGET_NAME)";
			};
			name = Debug;
		};
		3CBD21261AA8E62C005CDF52 /* Release */ = {
			isa = XCBuildConfiguration;
			buildSettings = {
				ASSETCATALOG_COMPILER_APPICON_NAME = AppIcon;
				INFOPLIST_FILE = dropit/Info.plist;
				LD_RUNPATH_SEARCH_PATHS = "$(inherited) @executable_path/Frameworks";
				PRODUCT_NAME = "$(TARGET_NAME)";
			};
			name = Release;
		};
		3CBD21281AA8E62C005CDF52 /* Debug */ = {
			isa = XCBuildConfiguration;
			buildSettings = {
				BUNDLE_LOADER = "$(TEST_HOST)";
				FRAMEWORK_SEARCH_PATHS = (
					"$(SDKROOT)/Developer/Library/Frameworks",
					"$(inherited)",
				);
				GCC_PREPROCESSOR_DEFINITIONS = (
					"DEBUG=1",
					"$(inherited)",
				);
				INFOPLIST_FILE = dropitTests/Info.plist;
				LD_RUNPATH_SEARCH_PATHS = "$(inherited) @executable_path/Frameworks @loader_path/Frameworks";
				PRODUCT_NAME = "$(TARGET_NAME)";
				TEST_HOST = "$(BUILT_PRODUCTS_DIR)/dropit.app/dropit";
			};
			name = Debug;
		};
		3CBD21291AA8E62C005CDF52 /* Release */ = {
			isa = XCBuildConfiguration;
			buildSettings = {
				BUNDLE_LOADER = "$(TEST_HOST)";
				FRAMEWORK_SEARCH_PATHS = (
					"$(SDKROOT)/Developer/Library/Frameworks",
					"$(inherited)",
				);
				INFOPLIST_FILE = dropitTests/Info.plist;
				LD_RUNPATH_SEARCH_PATHS = "$(inherited) @executable_path/Frameworks @loader_path/Frameworks";
				PRODUCT_NAME = "$(TARGET_NAME)";
				TEST_HOST = "$(BUILT_PRODUCTS_DIR)/dropit.app/dropit";
			};
			name = Release;
		};
/* End XCBuildConfiguration section */

/* Begin XCConfigurationList section */
		3C760D631AAFF2FA00EA771D /* Build configuration list for PBXNativeTarget "dropit WatchKit App" */ = {
			isa = XCConfigurationList;
			buildConfigurations = (
				3C760D611AAFF2FA00EA771D /* Debug */,
				3C760D621AAFF2FA00EA771D /* Release */,
			);
			defaultConfigurationIsVisible = 0;
		};
		3C760D641AAFF2FA00EA771D /* Build configuration list for PBXNativeTarget "dropit WatchKit Extension" */ = {
			isa = XCConfigurationList;
			buildConfigurations = (
				3C760D5F1AAFF2FA00EA771D /* Debug */,
				3C760D601AAFF2FA00EA771D /* Release */,
			);
			defaultConfigurationIsVisible = 0;
		};
		3CBD20FC1AA8E62C005CDF52 /* Build configuration list for PBXProject "dropit" */ = {
			isa = XCConfigurationList;
			buildConfigurations = (
				3CBD21221AA8E62C005CDF52 /* Debug */,
				3CBD21231AA8E62C005CDF52 /* Release */,
			);
			defaultConfigurationIsVisible = 0;
			defaultConfigurationName = Release;
		};
		3CBD21241AA8E62C005CDF52 /* Build configuration list for PBXNativeTarget "dropit" */ = {
			isa = XCConfigurationList;
			buildConfigurations = (
				3CBD21251AA8E62C005CDF52 /* Debug */,
				3CBD21261AA8E62C005CDF52 /* Release */,
			);
			defaultConfigurationIsVisible = 0;
			defaultConfigurationName = Release;
		};
		3CBD21271AA8E62C005CDF52 /* Build configuration list for PBXNativeTarget "dropitTests" */ = {
			isa = XCConfigurationList;
			buildConfigurations = (
				3CBD21281AA8E62C005CDF52 /* Debug */,
				3CBD21291AA8E62C005CDF52 /* Release */,
			);
			defaultConfigurationIsVisible = 0;
			defaultConfigurationName = Release;
		};
/* End XCConfigurationList section */
	};
	rootObject = 3CBD20F91AA8E62C005CDF52 /* Project object */;
}
